
Microsoft Visual Studio Solution File, Format Version 12.00
# Visual Studio Version 17
VisualStudioVersion = 17.5.33530.505
MinimumVisualStudioVersion = 10.0.40219.1
Project("{FAE04EC0-301F-11D3-BF4B-00C04F79EFBC}") = "Appointment_Scheduler", "Appointment_Scheduler\Appointment_Scheduler.csproj", "{792B0FFA-03B6-4D6C-8045-B6B745F7DD68}"
EndProject
Global
	GlobalSection(SolutionConfigurationPlatforms) = preSolution
		Debug|Any CPU = Debug|Any CPU
		Release|Any CPU = Release|Any CPU
	EndGlobalSection
	GlobalSection(ProjectConfigurationPlatforms) = postSolution
		{792B0FFA-03B6-4D6C-8045-B6B745F7DD68}.Debug|Any CPU.ActiveCfg = Debug|Any CPU
		{792B0FFA-03B6-4D6C-8045-B6B745F7DD68}.Debug|Any CPU.Build.0 = Debug|Any CPU
		{792B0FFA-03B6-4D6C-8045-B6B745F7DD68}.Release|Any CPU.ActiveCfg = Release|Any CPU
		{792B0FFA-03B6-4D6C-8045-B6B745F7DD68}.Release|Any CPU.Build.0 = Release|Any CPU
	EndGlobalSection
	GlobalSection(SolutionProperties) = preSolution
		HideSolutionNode = FALSE
	EndGlobalSection
	GlobalSection(ExtensibilityGlobals) = postSolution
		SolutionGuid = {6DCC1BC4-27A1-4CEF-A569-7CA83366E1EE}
	EndGlobalSection
EndGlobal
